// !$*UTF8*$!
{
	archiveVersion = 1;
	classes = {
	};
	objectVersion = 50;
	objects = {

/* Begin PBXBuildFile section */
		442BBB692154D62F000F1082 /* MetalContext.m in Sources */ = {isa = PBXBuildFile; fileRef = 442BBB682154D62F000F1082 /* MetalContext.m */; };
		442BBB6B2154DB12000F1082 /* MetalShader.metal in Sources */ = {isa = PBXBuildFile; fileRef = 442BBB6A2154DB12000F1082 /* MetalShader.metal */; };
		4453BB6C21549F6500539746 /* AppDelegate.m in Sources */ = {isa = PBXBuildFile; fileRef = 4453BB6B21549F6500539746 /* AppDelegate.m */; };
		4453BB6F21549F6500539746 /* ViewController.m in Sources */ = {isa = PBXBuildFile; fileRef = 4453BB6E21549F6500539746 /* ViewController.m */; };
		4453BB7221549F6500539746 /* Main.storyboard in Resources */ = {isa = PBXBuildFile; fileRef = 4453BB7021549F6500539746 /* Main.storyboard */; };
		4453BB7421549F6600539746 /* Assets.xcassets in Resources */ = {isa = PBXBuildFile; fileRef = 4453BB7321549F6600539746 /* Assets.xcassets */; };
		4453BB7721549F6600539746 /* LaunchScreen.storyboard in Resources */ = {isa = PBXBuildFile; fileRef = 4453BB7521549F6600539746 /* LaunchScreen.storyboard */; };
		4453BB7A21549F6600539746 /* main.m in Sources */ = {isa = PBXBuildFile; fileRef = 4453BB7921549F6600539746 /* main.m */; };
		4453BB8221549FA700539746 /* MetalView.m in Sources */ = {isa = PBXBuildFile; fileRef = 4453BB8121549FA700539746 /* MetalView.m */; };
/* End PBXBuildFile section */

/* Begin PBXFileReference section */
		442BBB672154D62F000F1082 /* MetalContext.h */ = {isa = PBXFileReference; lastKnownFileType = sourcecode.c.h; path = MetalContext.h; sourceTree = "<group>"; };
		442BBB682154D62F000F1082 /* MetalContext.m */ = {isa = PBXFileReference; lastKnownFileType = sourcecode.c.objc; path = MetalContext.m; sourceTree = "<group>"; };
		442BBB6A2154DB12000F1082 /* MetalShader.metal */ = {isa = PBXFileReference; lastKnownFileType = sourcecode.metal; path = MetalShader.metal; sourceTree = "<group>"; };
		4453BB6721549F6500539746 /* HelloMetal.app */ = {isa = PBXFileReference; explicitFileType = wrapper.application; includeInIndex = 0; path = HelloMetal.app; sourceTree = BUILT_PRODUCTS_DIR; };
		4453BB6A21549F6500539746 /* AppDelegate.h */ = {isa = PBXFileReference; lastKnownFileType = sourcecode.c.h; path = AppDelegate.h; sourceTree = "<group>"; };
		4453BB6B21549F6500539746 /* AppDelegate.m */ = {isa = PBXFileReference; lastKnownFileType = sourcecode.c.objc; path = AppDelegate.m; sourceTree = "<group>"; };
		4453BB6D21549F6500539746 /* ViewController.h */ = {isa = PBXFileReference; lastKnownFileType = sourcecode.c.h; path = ViewController.h; sourceTree = "<group>"; };
		4453BB6E21549F6500539746 /* ViewController.m */ = {isa = PBXFileReference; lastKnownFileType = sourcecode.c.objc; path = ViewController.m; sourceTree = "<group>"; };
		4453BB7121549F6500539746 /* Base */ = {isa = PBXFileReference; lastKnownFileType = file.storyboard; name = Base; path = Base.lproj/Main.storyboard; sourceTree = "<group>"; };
		4453BB7321549F6600539746 /* Assets.xcassets */ = {isa = PBXFileReference; lastKnownFileType = folder.assetcatalog; path = Assets.xcassets; sourceTree = "<group>"; };
		4453BB7621549F6600539746 /* Base */ = {isa = PBXFileReference; lastKnownFileType = file.storyboard; name = Base; path = Base.lproj/LaunchScreen.storyboard; sourceTree = "<group>"; };
		4453BB7821549F6600539746 /* Info.plist */ = {isa = PBXFileReference; lastKnownFileType = text.plist.xml; path = Info.plist; sourceTree = "<group>"; };
		4453BB7921549F6600539746 /* main.m */ = {isa = PBXFileReference; lastKnownFileType = sourcecode.c.objc; path = main.m; sourceTree = "<group>"; };
		4453BB8021549FA700539746 /* MetalView.h */ = {isa = PBXFileReference; lastKnownFileType = sourcecode.c.h; path = MetalView.h; sourceTree = "<group>"; };
		4453BB8121549FA700539746 /* MetalView.m */ = {isa = PBXFileReference; lastKnownFileType = sourcecode.c.objc; path = MetalView.m; sourceTree = "<group>"; };
/* End PBXFileReference section */

/* Begin PBXFrameworksBuildPhase section */
		4453BB6421549F6500539746 /* Frameworks */ = {
			isa = PBXFrameworksBuildPhase;
			buildActionMask = 2147483647;
			files = (
			);
			runOnlyForDeploymentPostprocessing = 0;
		};
/* End PBXFrameworksBuildPhase section */

/* Begin PBXGroup section */
		4453BB5E21549F6500539746 = {
			isa = PBXGroup;
			children = (
				4453BB6921549F6500539746 /* HelloMetal */,
				4453BB6821549F6500539746 /* Products */,
			);
			sourceTree = "<group>";
		};
		4453BB6821549F6500539746 /* Products */ = {
			isa = PBXGroup;
			children = (
				4453BB6721549F6500539746 /* HelloMetal.app */,
			);
			name = Products;
			sourceTree = "<group>";
		};
		4453BB6921549F6500539746 /* HelloMetal */ = {
			isa = PBXGroup;
			children = (
				4453BB6A21549F6500539746 /* AppDelegate.h */,
				4453BB6B21549F6500539746 /* AppDelegate.m */,
				4453BB6D21549F6500539746 /* ViewController.h */,
				4453BB6E21549F6500539746 /* ViewController.m */,
				4453BB8021549FA700539746 /* MetalView.h */,
				4453BB8121549FA700539746 /* MetalView.m */,
				442BBB672154D62F000F1082 /* MetalContext.h */,
				442BBB682154D62F000F1082 /* MetalContext.m */,
				442BBB6A2154DB12000F1082 /* MetalShader.metal */,
				4453BB7021549F6500539746 /* Main.storyboard */,
				4453BB7321549F6600539746 /* Assets.xcassets */,
				4453BB7521549F6600539746 /* LaunchScreen.storyboard */,
				4453BB7821549F6600539746 /* Info.plist */,
				4453BB7921549F6600539746 /* main.m */,
			);
			path = HelloMetal;
			sourceTree = "<group>";
		};
/* End PBXGroup section */

/* Begin PBXNativeTarget section */
		4453BB6621549F6500539746 /* HelloMetal */ = {
			isa = PBXNativeTarget;
			buildConfigurationList = 4453BB7D21549F6600539746 /* Build configuration list for PBXNativeTarget "HelloMetal" */;
			buildPhases = (
				4453BB6321549F6500539746 /* Sources */,
				4453BB6421549F6500539746 /* Frameworks */,
				4453BB6521549F6500539746 /* Resources */,
			);
			buildRules = (
			);
			dependencies = (
			);
			name = HelloMetal;
			productName = HelloMetal;
			productReference = 4453BB6721549F6500539746 /* HelloMetal.app */;
			productType = "com.apple.product-type.application";
		};
/* End PBXNativeTarget section */

/* Begin PBXProject section */
		4453BB5F21549F6500539746 /* Project object */ = {
			isa = PBXProject;
			attributes = {
				LastUpgradeCheck = 0940;
				ORGANIZATIONNAME = osborn;
				TargetAttributes = {
					4453BB6621549F6500539746 = {
						CreatedOnToolsVersion = 9.4.1;
					};
				};
			};
			buildConfigurationList = 4453BB6221549F6500539746 /* Build configuration list for PBXProject "HelloMetal" */;
			compatibilityVersion = "Xcode 9.3";
			developmentRegion = en;
			hasScannedForEncodings = 0;
			knownRegions = (
				en,
				Base,
			);
			mainGroup = 4453BB5E21549F6500539746;
			productRefGroup = 4453BB6821549F6500539746 /* Products */;
			projectDirPath = "";
			projectRoot = "";
			targets = (
				4453BB6621549F6500539746 /* HelloMetal */,
			);
		};
/* End PBXProject section */

/* Begin PBXResourcesBuildPhase section */
		4453BB6521549F6500539746 /* Resources */ = {
			isa = PBXResourcesBuildPhase;
			buildActionMask = 2147483647;
			files = (
				4453BB7721549F6600539746 /* LaunchScreen.storyboard in Resources */,
				4453BB7421549F6600539746 /* Assets.xcassets in Resources */,
				4453BB7221549F6500539746 /* Main.storyboard in Resources */,
			);
			runOnlyForDeploymentPostprocessing = 0;
		};
/* End PBXResourcesBuildPhase section */

/* Begin PBXSourcesBuildPhase section */
		4453BB6321549F6500539746 /* Sources */ = {
			isa = PBXSourcesBuildPhase;
			buildActionMask = 2147483647;
			files = (
				4453BB8221549FA700539746 /* MetalView.m in Sources */,
				4453BB6F21549F6500539746 /* ViewController.m in Sources */,
				442BBB692154D62F000F1082 /* MetalContext.m in Sources */,
				4453BB7A21549F6600539746 /* main.m in Sources */,
				442BBB6B2154DB12000F1082 /* MetalShader.metal in Sources */,
				4453BB6C21549F6500539746 /* AppDelegate.m in Sources */,
			);
			runOnlyForDeploymentPostprocessing = 0;
		};
/* End PBXSourcesBuildPhase section */

/* Begin PBXVariantGroup section */
		4453BB7021549F6500539746 /* Main.storyboard */ = {
			isa = PBXVariantGroup;
			children = (
				4453BB7121549F6500539746 /* Base */,
			);
			name = Main.storyboard;
			sourceTree = "<group>";
		};
		4453BB7521549F6600539746 /* LaunchScreen.storyboard */ = {
			isa = PBXVariantGroup;
			children = (
				4453BB7621549F6600539746 /* Base */,
			);
			name = LaunchScreen.storyboard;
			sourceTree = "<group>";
		};
/* End PBXVariantGroup section */

/* Begin XCBuildConfiguration section */
		4453BB7B21549F6600539746 /* Debug */ = {
			isa = XCBuildConfiguration;
			buildSettings = {
				ALWAYS_SEARCH_USER_PATHS = NO;
				CLANG_ANALYZER_NONNULL = YES;
				CLANG_ANALYZER_NUMBER_OBJECT_CONVERSION = YES_AGGRESSIVE;
				CLANG_CXX_LANGUAGE_STANDARD = "gnu++14";
				CLANG_CXX_LIBRARY = "libc++";
				CLANG_ENABLE_MODULES = YES;
				CLANG_ENABLE_OBJC_ARC = YES;
				CLANG_ENABLE_OBJC_WEAK = YES;
				CLANG_WARN_BLOCK_CAPTURE_AUTORELEASING = YES;
				CLANG_WARN_BOOL_CONVERSION = YES;
				CLANG_WARN_COMMA = YES;
				CLANG_WARN_CONSTANT_CONVERSION = YES;
				CLANG_WARN_DEPRECATED_OBJC_IMPLEMENTATIONS = YES;
				CLANG_WARN_DIRECT_OBJC_ISA_USAGE = YES_ERROR;
				CLANG_WARN_DOCUMENTATION_COMMENTS = YES;
				CLANG_WARN_EMPTY_BODY = YES;
				CLANG_WARN_ENUM_CONVERSION = YES;
				CLANG_WARN_INFINITE_RECURSION = YES;
				CLANG_WARN_INT_CONVERSION = YES;
				CLANG_WARN_NON_LITERAL_NULL_CONVERSION = YES;
				CLANG_WARN_OBJC_IMPLICIT_RETAIN_SELF = YES;
				CLANG_WARN_OBJC_LITERAL_CONVERSION = YES;
				CLANG_WARN_OBJC_ROOT_CLASS = YES_ERROR;
				CLANG_WARN_RANGE_LOOP_ANALYSIS = YES;
				CLANG_WARN_STRICT_PROTOTYPES = YES;
				CLANG_WARN_SUSPICIOUS_MOVE = YES;
				CLANG_WARN_UNGUARDED_AVAILABILITY = YES_AGGRESSIVE;
				CLANG_WARN_UNREACHABLE_CODE = YES;
				CLANG_WARN__DUPLICATE_METHOD_MATCH = YES;
				CODE_SIGN_IDENTITY = "iPhone Developer";
				COPY_PHASE_STRIP = NO;
				DEBUG_INFORMATION_FORMAT = dwarf;
				ENABLE_STRICT_OBJC_MSGSEND = YES;
				ENABLE_TESTABILITY = YES;
				GCC_C_LANGUAGE_STANDARD = gnu11;
				GCC_DYNAMIC_NO_PIC = NO;
				GCC_NO_COMMON_BLOCKS = YES;
				GCC_OPTIMIZATION_LEVEL = 0;
				GCC_PREPROCESSOR_DEFINITIONS = (
					"DEBUG=1",
					"$(inherited)",
				);
				GCC_WARN_64_TO_32_BIT_CONVERSION = YES;
				GCC_WARN_ABOUT_RETURN_TYPE = YES_ERROR;
				GCC_WARN_UNDECLARED_SELECTOR = YES;
				GCC_WARN_UNINITIALIZED_AUTOS = YES_AGGRESSIVE;
				GCC_WARN_UNUSED_FUNCTION = YES;
				GCC_WARN_UNUSED_VARIABLE = YES;
				IPHONEOS_DEPLOYMENT_TARGET = 11.4;
				MTL_ENABLE_DEBUG_INFO = YES;
				ONLY_ACTIVE_ARCH = YES;
				SDKROOT = iphoneos;
			};
			name = Debug;
		};
		4453BB7C21549F6600539746 /* Release */ = {
			isa = XCBuildConfiguration;
			buildSettings = {
				ALWAYS_SEARCH_USER_PATHS = NO;
				CLANG_ANALYZER_NONNULL = YES;
				CLANG_ANALYZER_NUMBER_OBJECT_CONVERSION = YES_AGGRESSIVE;
				CLANG_CXX_LANGUAGE_STANDARD = "gnu++14";
				CLANG_CXX_LIBRARY = "libc++";
				CLANG_ENABLE_MODULES = YES;
				CLANG_ENABLE_OBJC_ARC = YES;
				CLANG_ENABLE_OBJC_WEAK = YES;
				CLANG_WARN_BLOCK_CAPTURE_AUTORELEASING = YES;
				CLANG_WARN_BOOL_CONVERSION = YES;
				CLANG_WARN_COMMA = YES;
				CLANG_WARN_CONSTANT_CONVERSION = YES;
				CLANG_WARN_DEPRECATED_OBJC_IMPLEMENTATIONS = YES;
				CLANG_WARN_DIRECT_OBJC_ISA_USAGE = YES_ERROR;
				CLANG_WARN_DOCUMENTATION_COMMENTS = YES;
				CLANG_WARN_EMPTY_BODY = YES;
				CLANG_WARN_ENUM_CONVERSION = YES;
				CLANG_WARN_INFINITE_RECURSION = YES;
				CLANG_WARN_INT_CONVERSION = YES;
				CLANG_WARN_NON_LITERAL_NULL_CONVERSION = YES;
				CLANG_WARN_OBJC_IMPLICIT_RETAIN_SELF = YES;
				CLANG_WARN_OBJC_LITERAL_CONVERSION = YES;
				CLANG_WARN_OBJC_ROOT_CLASS = YES_ERROR;
				CLANG_WARN_RANGE_LOOP_ANALYSIS = YES;
				CLANG_WARN_STRICT_PROTOTYPES = YES;
				CLANG_WARN_SUSPICIOUS_MOVE = YES;
				CLANG_WARN_UNGUARDED_AVAILABILITY = YES_AGGRESSIVE;
				CLANG_WARN_UNREACHABLE_CODE = YES;
				CLANG_WARN__DUPLICATE_METHOD_MATCH = YES;
				CODE_SIGN_IDENTITY = "iPhone Developer";
				COPY_PHASE_STRIP = NO;
				DEBUG_INFORMATION_FORMAT = "dwarf-with-dsym";
				ENABLE_NS_ASSERTIONS = NO;
				ENABLE_STRICT_OBJC_MSGSEND = YES;
				GCC_C_LANGUAGE_STANDARD = gnu11;
				GCC_NO_COMMON_BLOCKS = YES;
				GCC_WARN_64_TO_32_BIT_CONVERSION = YES;
				GCC_WARN_ABOUT_RETURN_TYPE = YES_ERROR;
				GCC_WARN_UNDECLARED_SELECTOR = YES;
				GCC_WARN_UNINITIALIZED_AUTOS = YES_AGGRESSIVE;
				GCC_WARN_UNUSED_FUNCTION = YES;
				GCC_WARN_UNUSED_VARIABLE = YES;
				IPHONEOS_DEPLOYMENT_TARGET = 11.4;
				MTL_ENABLE_DEBUG_INFO = NO;
				SDKROOT = iphoneos;
				VALIDATE_PRODUCT = YES;
			};
			name = Release;
		};
		4453BB7E21549F6600539746 /* Debug */ = {
			isa = XCBuildConfiguration;
			buildSettings = {
				ASSETCATALOG_COMPILER_APPICON_NAME = AppIcon;
				CODE_SIGN_STYLE = Automatic;
				DEVELOPMENT_TEAM = 9VLNA5G8PG;
				INFOPLIST_FILE = HelloMetal/Info.plist;
				IPHONEOS_DEPLOYMENT_TARGET = 10.0;
				LD_RUNPATH_SEARCH_PATHS = (
					"$(inherited)",
					"@executable_path/Frameworks",
				);
				PRODUCT_BUNDLE_IDENTIFIER = com.zfxj0902.HelloMetal;
				PRODUCT_NAME = "$(TARGET_NAME)";
				TARGETED_DEVICE_FAMILY = "1,2";
			};
			name = Debug;
		};
		4453BB7F21549F6600539746 /* Release */ = {
			isa = XCBuildConfiguration;
			buildSettings = {
				ASSETCATALOG_COMPILER_APPICON_NAME = AppIcon;
				CODE_SIGN_STYLE = Automatic;
				DEVELOPMENT_TEAM = 9VLNA5G8PG;
				INFOPLIST_FILE = HelloMetal/Info.plist;
				IPHONEOS_DEPLOYMENT_TARGET = 10.0;
				LD_RUNPATH_SEARCH_PATHS = (
					"$(inherited)",
					"@executable_path/Frameworks",
				);
				PRODUCT_BUNDLE_IDENTIFIER = com.zfxj0902.HelloMetal;
				PRODUCT_NAME = "$(TARGET_NAME)";
				TARGETED_DEVICE_FAMILY = "1,2";
			};
			name = Release;
		};
/* End XCBuildConfiguration section */

/* Begin XCConfigurationList section */
		4453BB6221549F6500539746 /* Build configuration list for PBXProject "HelloMetal" */ = {
			isa = XCConfigurationList;
			buildConfigurations = (
				4453BB7B21549F6600539746 /* Debug */,
				4453BB7C21549F6600539746 /* Release */,
			);
			defaultConfigurationIsVisible = 0;
			defaultConfigurationName = Release;
		};
		4453BB7D21549F6600539746 /* Build configuration list for PBXNativeTarget "HelloMetal" */ = {
			isa = XCConfigurationList;
			buildConfigurations = (
				4453BB7E21549F6600539746 /* Debug */,
				4453BB7F21549F6600539746 /* Release */,
			);
			defaultConfigurationIsVisible = 0;
			defaultConfigurationName = Release;
		};
/* End XCConfigurationList section */
	};
	rootObject = 4453BB5F21549F6500539746 /* Project object */;
}
